
Microsoft Visual Studio Solution File, Format Version 12.00
# Visual Studio Version 17
VisualStudioVersion = 17.5.002.0
MinimumVisualStudioVersion = 10.0.40219.1
Project("{9A19103F-16F7-4668-BE54-9A1E7A4F7556}") = "HelloWorld", "HelloWorld.csproj", "{F491245D-B532-454F-A7E6-C7017291634C}"
EndProject
Global
	GlobalSection(SolutionConfigurationPlatforms) = preSolution
		Debug|Any CPU = Debug|Any CPU
		Release|Any CPU = Release|Any CPU
	EndGlobalSection
	GlobalSection(ProjectConfigurationPlatforms) = postSolution
		{F491245D-B532-454F-A7E6-C7017291634C}.Debug|Any CPU.ActiveCfg = Debug|Any CPU
		{F491245D-B532-454F-A7E6-C7017291634C}.Debug|Any CPU.Build.0 = Debug|Any CPU
		{F491245D-B532-454F-A7E6-C7017291634C}.Release|Any CPU.ActiveCfg = Release|Any CPU
		{F491245D-B532-454F-A7E6-C7017291634C}.Release|Any CPU.Build.0 = Release|Any CPU
	EndGlobalSection
	GlobalSection(SolutionProperties) = preSolution
		HideSolutionNode = FALSE
	EndGlobalSection
	GlobalSection(ExtensibilityGlobals) = postSolution
		SolutionGuid = {8794C0AF-630C-4168-A37D-7B08587A33C1}
	EndGlobalSection
EndGlobal
